
Microsoft Visual Studio Solution File, Format Version 12.00
# Visual Studio Version 17
VisualStudioVersion = 17.8.34330.188
MinimumVisualStudioVersion = 10.0.40219.1
Project("{2150E333-8FDC-42A3-9474-1A3956D46DE8}") = "src", "src", "{A24BFCFE-CF8E-4CC7-933C-A802AC1DE4EE}"
EndProject
Project("{9A19103F-16F7-4668-BE54-9A1E7A4F7556}") = "LJ", "src\LJ\LJ.csproj", "{AFFCBB8C-2B8E-442B-9AD3-CBCDBF9022B7}"
EndProject
Project("{9A19103F-16F7-4668-BE54-9A1E7A4F7556}") = "LJ.AspNetCore", "src\LJ.AspNetCore\LJ.AspNetCore.csproj", "{67E45E60-1A04-4DD5-B616-AC10284F87E3}"
EndProject
Project("{2150E333-8FDC-42A3-9474-1A3956D46DE8}") = "samples", "samples", "{0AA96B5C-43B0-4B3D-95C8-8B0B407398BE}"
EndProject
Project("{2150E333-8FDC-42A3-9474-1A3956D46DE8}") = "client", "client", "{8DC0F902-1C0D-4168-9621-841BCD256922}"
EndProject
Project("{2150E333-8FDC-42A3-9474-1A3956D46DE8}") = "Host", "Host", "{9CB72264-F651-45B3-B88A-80875BB59685}"
EndProject
Project("{9A19103F-16F7-4668-BE54-9A1E7A4F7556}") = "LJ.Host", "src\LJ.Host\LJ.Host.csproj", "{DD25F016-F20B-400F-B328-0C3CCC5032A0}"
EndProject
Project("{2150E333-8FDC-42A3-9474-1A3956D46DE8}") = "Api", "Api", "{ED684D53-7BBB-40B8-89C6-E1C4B839D188}"
EndProject
Project("{2150E333-8FDC-42A3-9474-1A3956D46DE8}") = "FaultHand", "FaultHand", "{579D560C-86D9-47ED-8296-323DB69A642C}"
EndProject
Project("{9A19103F-16F7-4668-BE54-9A1E7A4F7556}") = "LJ.FaultHand", "src\LJ.FaultHand\LJ.FaultHand.csproj", "{2701F9F3-8366-4C95-9DC0-AC29572DBEC6}"
EndProject
Project("{9A19103F-16F7-4668-BE54-9A1E7A4F7556}") = "LJ.Host.Web", "src\LJ.Host.Web\LJ.Host.Web.csproj", "{0A62FC3B-7002-40F3-91A9-DFB1BBF9405C}"
EndProject
Project("{2150E333-8FDC-42A3-9474-1A3956D46DE8}") = "DataAccess", "DataAccess", "{3C6E3AB6-9EF5-41F9-95B0-FEFD4AD90D2B}"
EndProject
Project("{9A19103F-16F7-4668-BE54-9A1E7A4F7556}") = "LJ.DataAccess", "src\LJ.DataAccess\LJ.DataAccess.csproj", "{A4AB05FE-DA0D-43F8-AE1A-0A9B8FC7CB42}"
EndProject
Project("{9A19103F-16F7-4668-BE54-9A1E7A4F7556}") = "LJ.DataAccess.FreeSql", "src\LJ.DataAccess.FreeSql\LJ.DataAccess.FreeSql.csproj", "{3B31A02B-5C20-47D5-A50C-1C1D60FE60F3}"
EndProject
Project("{9A19103F-16F7-4668-BE54-9A1E7A4F7556}") = "LJ.DataAccess.FreeSql.MySql", "src\LJ.DataAccess.FreeSql.MySql\LJ.DataAccess.FreeSql.MySql.csproj", "{ADC4CC95-E8B1-4053-9B35-EACA1CF509BF}"
EndProject
Project("{9A19103F-16F7-4668-BE54-9A1E7A4F7556}") = "LJ.FaultHand.Polly", "src\LJ.FaultHand.Polly\LJ.FaultHand.Polly.csproj", "{9BD8F7E9-ADBA-4AAF-B1B8-EEF7A0F1D72A}"
EndProject
Project("{2150E333-8FDC-42A3-9474-1A3956D46DE8}") = "Cache", "Cache", "{852F2F22-1FB6-4F89-B784-842A71B2D9CC}"
EndProject
Project("{9A19103F-16F7-4668-BE54-9A1E7A4F7556}") = "LJ.Cache", "src\LJ.Cache\LJ.Cache.csproj", "{E49CF227-419B-4451-954F-6F8EBC764918}"
EndProject
Project("{9A19103F-16F7-4668-BE54-9A1E7A4F7556}") = "LJ.Cache.EasyCaching", "src\LJ.Cache.EasyCaching\LJ.Cache.EasyCaching.csproj", "{FAF7E660-CF58-4F09-B80D-3523AF7AE6FA}"
EndProject
Project("{9A19103F-16F7-4668-BE54-9A1E7A4F7556}") = "LJ.Cache.EasyCaching.Redis", "src\LJ.Cache.EasyCaching.Redis\LJ.Cache.EasyCaching.Redis.csproj", "{ECA177AC-9779-482B-AB0D-B89C13644BB5}"
EndProject
Project("{2150E333-8FDC-42A3-9474-1A3956D46DE8}") = "Rest", "Rest", "{2D4700F5-1273-4E91-83D4-EE91F6EBBBFF}"
EndProject
Project("{9A19103F-16F7-4668-BE54-9A1E7A4F7556}") = "LJ.Rest", "src\LJ.Rest\LJ.Rest.csproj", "{0D19A81A-9293-4AA7-B98A-16BE4CECD081}"
EndProject
Project("{9A19103F-16F7-4668-BE54-9A1E7A4F7556}") = "LJ.Rest.HttpClient", "src\LJ.Rest.HttpClient\LJ.Rest.HttpClient.csproj", "{26D3FD98-16DF-49E3-953D-F2B5001D1FA2}"
EndProject
Project("{2150E333-8FDC-42A3-9474-1A3956D46DE8}") = "test", "test", "{749CCF2C-A485-4EF3-B4DB-C337A9D233C2}"
EndProject
Project("{2150E333-8FDC-42A3-9474-1A3956D46DE8}") = "Logging", "Logging", "{AE206068-F1A1-474E-B6E6-D1B51A6EA201}"
EndProject
Project("{9A19103F-16F7-4668-BE54-9A1E7A4F7556}") = "LJ.Logging.Serilog", "src\LJ.Logging.Serilog\LJ.Logging.Serilog.csproj", "{1AF2DCCB-91DE-41EA-A1CC-0442C96C58CE}"
EndProject
Project("{9A19103F-16F7-4668-BE54-9A1E7A4F7556}") = "LJ.Logging.Serilog.File", "src\LJ.Logging.Serilog.File\LJ.Logging.Serilog.File.csproj", "{9A75ED07-B946-41A6-9128-F17C2A789D35}"
EndProject
Project("{2150E333-8FDC-42A3-9474-1A3956D46DE8}") = "Host", "Host", "{249089B3-8CE3-40F3-94BB-3B6CB9FACC38}"
EndProject
Project("{2150E333-8FDC-42A3-9474-1A3956D46DE8}") = "Test", "Test", "{8CC1DE23-AEA6-4F0F-A9D3-1BBE874AA231}"
EndProject
Project("{9A19103F-16F7-4668-BE54-9A1E7A4F7556}") = "LJ.Test.Host", "src\LJ.Test.Host\LJ.Test.Host.csproj", "{BF0931C0-D5CB-4142-8C98-DF4E5AC12A24}"
EndProject
Project("{9A19103F-16F7-4668-BE54-9A1E7A4F7556}") = "LJ.Host.Web.Test", "test\LJ.Host.Web.Test\LJ.Host.Web.Test.csproj", "{B77D1204-44B8-4CB1-8454-8D6BC8987475}"
EndProject
Project("{2150E333-8FDC-42A3-9474-1A3956D46DE8}") = "Blazor", "Blazor", "{04F7BC89-AC43-4F88-BE11-3DEC99AD21F3}"
EndProject
Project("{9A19103F-16F7-4668-BE54-9A1E7A4F7556}") = "LJ.Blazor", "src\LJ.Blazor\LJ.Blazor.csproj", "{A60ACDB1-D885-4309-8546-2E7DBD86F506}"
EndProject
Project("{9A19103F-16F7-4668-BE54-9A1E7A4F7556}") = "LJ.Test.Host.Web", "src\LJ.Test.Host.Web\LJ.Test.Host.Web.csproj", "{859EA805-2CA6-41C2-A652-E4869C825278}"
EndProject
Project("{9A19103F-16F7-4668-BE54-9A1E7A4F7556}") = "LJ.DataAccess.FreeSql.Sqlite", "src\LJ.DataAccess.FreeSql.Sqlite\LJ.DataAccess.FreeSql.Sqlite.csproj", "{40DCB82D-31ED-41F4-ACF1-7189F5019F41}"
EndProject
Project("{9A19103F-16F7-4668-BE54-9A1E7A4F7556}") = "LJ.Data", "src\LJ.Data\LJ.Data.csproj", "{3C10D240-87F2-4EDC-8260-A7190D339C0E}"
EndProject
Project("{9A19103F-16F7-4668-BE54-9A1E7A4F7556}") = "LJ.Api", "src\LJ.Api\LJ.Api.csproj", "{1F851B62-A4A1-4520-BCD2-A20C9616D62B}"
EndProject
Project("{2150E333-8FDC-42A3-9474-1A3956D46DE8}") = "server", "server", "{4132B2A3-691F-45A2-A6FE-91B6A927CDEB}"
EndProject
Project("{9A19103F-16F7-4668-BE54-9A1E7A4F7556}") = "Server.Host", "samples\server\Server.Host\Server.Host.csproj", "{B070A5B0-6427-45FB-9034-2DBA9EABB0E1}"
EndProject
Project("{9A19103F-16F7-4668-BE54-9A1E7A4F7556}") = "Server.Shared", "samples\server\Server.Shared\Server.Shared.csproj", "{9E6A9C97-9745-4635-BED5-CC3E43518C9A}"
EndProject
Project("{9A19103F-16F7-4668-BE54-9A1E7A4F7556}") = "Server.Application.Contracts", "samples\server\Server.Application.Contracts\Server.Application.Contracts.csproj", "{EB79A08B-0849-48F0-AD1B-28C0D8C2A0D6}"
EndProject
Project("{9A19103F-16F7-4668-BE54-9A1E7A4F7556}") = "Server.Application", "samples\server\Server.Application\Server.Application.csproj", "{6FB07E1E-FB1E-42E0-A606-7AE6D243AE2B}"
EndProject
Project("{2150E333-8FDC-42A3-9474-1A3956D46DE8}") = "Indicator", "Indicator", "{6332744F-3640-4F1A-BA95-2F1949E3501B}"
EndProject
Project("{9A19103F-16F7-4668-BE54-9A1E7A4F7556}") = "LJ.Indicator", "src\LJ.Indicator\LJ.Indicator.csproj", "{2AA33207-1E08-40C4-8A9F-6BB325D523F6}"
EndProject
Project("{9A19103F-16F7-4668-BE54-9A1E7A4F7556}") = "LJ.Indicator.TradingView", "src\LJ.Indicator.TradingView\LJ.Indicator.TradingView.csproj", "{2B619BD7-EE37-4DB4-9DD6-CFCACAA579B8}"
EndProject
Project("{9A19103F-16F7-4668-BE54-9A1E7A4F7556}") = "LJ.Api.Mvc", "src\LJ.Api.Mvc\LJ.Api.Mvc.csproj", "{1606CB24-1487-4EE8-833A-ADF4533BCCEE}"
EndProject
Project("{2150E333-8FDC-42A3-9474-1A3956D46DE8}") = "CryptoMarket", "CryptoMarket", "{A6A0B4AA-602C-41A0-8370-E02D0A9BE6FD}"
EndProject
Project("{9A19103F-16F7-4668-BE54-9A1E7A4F7556}") = "LJ.CryptoMarket", "src\LJ.CryptoMarket\LJ.CryptoMarket.csproj", "{BC45AF73-A726-497D-9D2B-DA4A3C95F746}"
EndProject
Project("{9A19103F-16F7-4668-BE54-9A1E7A4F7556}") = "LJ.CryptoMarket.CryptoClients", "src\LJ.CryptoMarket.CryptoClients\LJ.CryptoMarket.CryptoClients.csproj", "{F78E1DAD-4569-4B2D-893B-9E3FD9558CB0}"
EndProject
Project("{9A19103F-16F7-4668-BE54-9A1E7A4F7556}") = "LJ.Blazor.AntDesign", "src\LJ.Blazor.AntDesign\LJ.Blazor.AntDesign.csproj", "{B3253FE4-0AF5-4DDF-B212-87E44B555B83}"
EndProject
Project("{9A19103F-16F7-4668-BE54-9A1E7A4F7556}") = "Client.Host", "samples\client\Client.Host\Client.Host.csproj", "{18130D83-AA46-4D3C-BFE8-DD09C9D6C2B6}"
EndProject
Project("{9A19103F-16F7-4668-BE54-9A1E7A4F7556}") = "Client.Model", "samples\client\Client.Model\Client.Model.csproj", "{3F40214C-2875-4833-97F6-1CD59C3DE0D0}"
EndProject
Project("{9A19103F-16F7-4668-BE54-9A1E7A4F7556}") = "Client.UI", "samples\client\Client.UI\Client.UI.csproj", "{867952FE-1EC1-45E6-A4A8-F47935519C7E}"
EndProject
Global
	GlobalSection(SolutionConfigurationPlatforms) = preSolution
		Debug|Any CPU = Debug|Any CPU
		Release|Any CPU = Release|Any CPU
	EndGlobalSection
	GlobalSection(ProjectConfigurationPlatforms) = postSolution
		{AFFCBB8C-2B8E-442B-9AD3-CBCDBF9022B7}.Debug|Any CPU.ActiveCfg = Debug|Any CPU
		{AFFCBB8C-2B8E-442B-9AD3-CBCDBF9022B7}.Debug|Any CPU.Build.0 = Debug|Any CPU
		{AFFCBB8C-2B8E-442B-9AD3-CBCDBF9022B7}.Release|Any CPU.ActiveCfg = Release|Any CPU
		{AFFCBB8C-2B8E-442B-9AD3-CBCDBF9022B7}.Release|Any CPU.Build.0 = Release|Any CPU
		{67E45E60-1A04-4DD5-B616-AC10284F87E3}.Debug|Any CPU.ActiveCfg = Debug|Any CPU
		{67E45E60-1A04-4DD5-B616-AC10284F87E3}.Debug|Any CPU.Build.0 = Debug|Any CPU
		{67E45E60-1A04-4DD5-B616-AC10284F87E3}.Release|Any CPU.ActiveCfg = Release|Any CPU
		{67E45E60-1A04-4DD5-B616-AC10284F87E3}.Release|Any CPU.Build.0 = Release|Any CPU
		{DD25F016-F20B-400F-B328-0C3CCC5032A0}.Debug|Any CPU.ActiveCfg = Debug|Any CPU
		{DD25F016-F20B-400F-B328-0C3CCC5032A0}.Debug|Any CPU.Build.0 = Debug|Any CPU
		{DD25F016-F20B-400F-B328-0C3CCC5032A0}.Release|Any CPU.ActiveCfg = Release|Any CPU
		{DD25F016-F20B-400F-B328-0C3CCC5032A0}.Release|Any CPU.Build.0 = Release|Any CPU
		{2701F9F3-8366-4C95-9DC0-AC29572DBEC6}.Debug|Any CPU.ActiveCfg = Debug|Any CPU
		{2701F9F3-8366-4C95-9DC0-AC29572DBEC6}.Debug|Any CPU.Build.0 = Debug|Any CPU
		{2701F9F3-8366-4C95-9DC0-AC29572DBEC6}.Release|Any CPU.ActiveCfg = Release|Any CPU
		{2701F9F3-8366-4C95-9DC0-AC29572DBEC6}.Release|Any CPU.Build.0 = Release|Any CPU
		{0A62FC3B-7002-40F3-91A9-DFB1BBF9405C}.Debug|Any CPU.ActiveCfg = Debug|Any CPU
		{0A62FC3B-7002-40F3-91A9-DFB1BBF9405C}.Debug|Any CPU.Build.0 = Debug|Any CPU
		{0A62FC3B-7002-40F3-91A9-DFB1BBF9405C}.Release|Any CPU.ActiveCfg = Release|Any CPU
		{0A62FC3B-7002-40F3-91A9-DFB1BBF9405C}.Release|Any CPU.Build.0 = Release|Any CPU
		{A4AB05FE-DA0D-43F8-AE1A-0A9B8FC7CB42}.Debug|Any CPU.ActiveCfg = Debug|Any CPU
		{A4AB05FE-DA0D-43F8-AE1A-0A9B8FC7CB42}.Debug|Any CPU.Build.0 = Debug|Any CPU
		{A4AB05FE-DA0D-43F8-AE1A-0A9B8FC7CB42}.Release|Any CPU.ActiveCfg = Release|Any CPU
		{A4AB05FE-DA0D-43F8-AE1A-0A9B8FC7CB42}.Release|Any CPU.Build.0 = Release|Any CPU
		{3B31A02B-5C20-47D5-A50C-1C1D60FE60F3}.Debug|Any CPU.ActiveCfg = Debug|Any CPU
		{3B31A02B-5C20-47D5-A50C-1C1D60FE60F3}.Debug|Any CPU.Build.0 = Debug|Any CPU
		{3B31A02B-5C20-47D5-A50C-1C1D60FE60F3}.Release|Any CPU.ActiveCfg = Release|Any CPU
		{3B31A02B-5C20-47D5-A50C-1C1D60FE60F3}.Release|Any CPU.Build.0 = Release|Any CPU
		{ADC4CC95-E8B1-4053-9B35-EACA1CF509BF}.Debug|Any CPU.ActiveCfg = Debug|Any CPU
		{ADC4CC95-E8B1-4053-9B35-EACA1CF509BF}.Debug|Any CPU.Build.0 = Debug|Any CPU
		{ADC4CC95-E8B1-4053-9B35-EACA1CF509BF}.Release|Any CPU.ActiveCfg = Release|Any CPU
		{ADC4CC95-E8B1-4053-9B35-EACA1CF509BF}.Release|Any CPU.Build.0 = Release|Any CPU
		{9BD8F7E9-ADBA-4AAF-B1B8-EEF7A0F1D72A}.Debug|Any CPU.ActiveCfg = Debug|Any CPU
		{9BD8F7E9-ADBA-4AAF-B1B8-EEF7A0F1D72A}.Debug|Any CPU.Build.0 = Debug|Any CPU
		{9BD8F7E9-ADBA-4AAF-B1B8-EEF7A0F1D72A}.Release|Any CPU.ActiveCfg = Release|Any CPU
		{9BD8F7E9-ADBA-4AAF-B1B8-EEF7A0F1D72A}.Release|Any CPU.Build.0 = Release|Any CPU
		{E49CF227-419B-4451-954F-6F8EBC764918}.Debug|Any CPU.ActiveCfg = Debug|Any CPU
		{E49CF227-419B-4451-954F-6F8EBC764918}.Debug|Any CPU.Build.0 = Debug|Any CPU
		{E49CF227-419B-4451-954F-6F8EBC764918}.Release|Any CPU.ActiveCfg = Release|Any CPU
		{E49CF227-419B-4451-954F-6F8EBC764918}.Release|Any CPU.Build.0 = Release|Any CPU
		{FAF7E660-CF58-4F09-B80D-3523AF7AE6FA}.Debug|Any CPU.ActiveCfg = Debug|Any CPU
		{FAF7E660-CF58-4F09-B80D-3523AF7AE6FA}.Debug|Any CPU.Build.0 = Debug|Any CPU
		{FAF7E660-CF58-4F09-B80D-3523AF7AE6FA}.Release|Any CPU.ActiveCfg = Release|Any CPU
		{FAF7E660-CF58-4F09-B80D-3523AF7AE6FA}.Release|Any CPU.Build.0 = Release|Any CPU
		{ECA177AC-9779-482B-AB0D-B89C13644BB5}.Debug|Any CPU.ActiveCfg = Debug|Any CPU
		{ECA177AC-9779-482B-AB0D-B89C13644BB5}.Debug|Any CPU.Build.0 = Debug|Any CPU
		{ECA177AC-9779-482B-AB0D-B89C13644BB5}.Release|Any CPU.ActiveCfg = Release|Any CPU
		{ECA177AC-9779-482B-AB0D-B89C13644BB5}.Release|Any CPU.Build.0 = Release|Any CPU
		{0D19A81A-9293-4AA7-B98A-16BE4CECD081}.Debug|Any CPU.ActiveCfg = Debug|Any CPU
		{0D19A81A-9293-4AA7-B98A-16BE4CECD081}.Debug|Any CPU.Build.0 = Debug|Any CPU
		{0D19A81A-9293-4AA7-B98A-16BE4CECD081}.Release|Any CPU.ActiveCfg = Release|Any CPU
		{0D19A81A-9293-4AA7-B98A-16BE4CECD081}.Release|Any CPU.Build.0 = Release|Any CPU
		{26D3FD98-16DF-49E3-953D-F2B5001D1FA2}.Debug|Any CPU.ActiveCfg = Debug|Any CPU
		{26D3FD98-16DF-49E3-953D-F2B5001D1FA2}.Debug|Any CPU.Build.0 = Debug|Any CPU
		{26D3FD98-16DF-49E3-953D-F2B5001D1FA2}.Release|Any CPU.ActiveCfg = Release|Any CPU
		{26D3FD98-16DF-49E3-953D-F2B5001D1FA2}.Release|Any CPU.Build.0 = Release|Any CPU
		{1AF2DCCB-91DE-41EA-A1CC-0442C96C58CE}.Debug|Any CPU.ActiveCfg = Debug|Any CPU
		{1AF2DCCB-91DE-41EA-A1CC-0442C96C58CE}.Debug|Any CPU.Build.0 = Debug|Any CPU
		{1AF2DCCB-91DE-41EA-A1CC-0442C96C58CE}.Release|Any CPU.ActiveCfg = Release|Any CPU
		{1AF2DCCB-91DE-41EA-A1CC-0442C96C58CE}.Release|Any CPU.Build.0 = Release|Any CPU
		{9A75ED07-B946-41A6-9128-F17C2A789D35}.Debug|Any CPU.ActiveCfg = Debug|Any CPU
		{9A75ED07-B946-41A6-9128-F17C2A789D35}.Debug|Any CPU.Build.0 = Debug|Any CPU
		{9A75ED07-B946-41A6-9128-F17C2A789D35}.Release|Any CPU.ActiveCfg = Release|Any CPU
		{9A75ED07-B946-41A6-9128-F17C2A789D35}.Release|Any CPU.Build.0 = Release|Any CPU
		{BF0931C0-D5CB-4142-8C98-DF4E5AC12A24}.Debug|Any CPU.ActiveCfg = Debug|Any CPU
		{BF0931C0-D5CB-4142-8C98-DF4E5AC12A24}.Debug|Any CPU.Build.0 = Debug|Any CPU
		{BF0931C0-D5CB-4142-8C98-DF4E5AC12A24}.Release|Any CPU.ActiveCfg = Release|Any CPU
		{BF0931C0-D5CB-4142-8C98-DF4E5AC12A24}.Release|Any CPU.Build.0 = Release|Any CPU
		{B77D1204-44B8-4CB1-8454-8D6BC8987475}.Debug|Any CPU.ActiveCfg = Debug|Any CPU
		{B77D1204-44B8-4CB1-8454-8D6BC8987475}.Debug|Any CPU.Build.0 = Debug|Any CPU
		{B77D1204-44B8-4CB1-8454-8D6BC8987475}.Release|Any CPU.ActiveCfg = Release|Any CPU
		{B77D1204-44B8-4CB1-8454-8D6BC8987475}.Release|Any CPU.Build.0 = Release|Any CPU
		{A60ACDB1-D885-4309-8546-2E7DBD86F506}.Debug|Any CPU.ActiveCfg = Debug|Any CPU
		{A60ACDB1-D885-4309-8546-2E7DBD86F506}.Debug|Any CPU.Build.0 = Debug|Any CPU
		{A60ACDB1-D885-4309-8546-2E7DBD86F506}.Release|Any CPU.ActiveCfg = Release|Any CPU
		{A60ACDB1-D885-4309-8546-2E7DBD86F506}.Release|Any CPU.Build.0 = Release|Any CPU
		{859EA805-2CA6-41C2-A652-E4869C825278}.Debug|Any CPU.ActiveCfg = Debug|Any CPU
		{859EA805-2CA6-41C2-A652-E4869C825278}.Debug|Any CPU.Build.0 = Debug|Any CPU
		{859EA805-2CA6-41C2-A652-E4869C825278}.Release|Any CPU.ActiveCfg = Release|Any CPU
		{859EA805-2CA6-41C2-A652-E4869C825278}.Release|Any CPU.Build.0 = Release|Any CPU
		{40DCB82D-31ED-41F4-ACF1-7189F5019F41}.Debug|Any CPU.ActiveCfg = Debug|Any CPU
		{40DCB82D-31ED-41F4-ACF1-7189F5019F41}.Debug|Any CPU.Build.0 = Debug|Any CPU
		{40DCB82D-31ED-41F4-ACF1-7189F5019F41}.Release|Any CPU.ActiveCfg = Release|Any CPU
		{40DCB82D-31ED-41F4-ACF1-7189F5019F41}.Release|Any CPU.Build.0 = Release|Any CPU
		{3C10D240-87F2-4EDC-8260-A7190D339C0E}.Debug|Any CPU.ActiveCfg = Debug|Any CPU
		{3C10D240-87F2-4EDC-8260-A7190D339C0E}.Debug|Any CPU.Build.0 = Debug|Any CPU
		{3C10D240-87F2-4EDC-8260-A7190D339C0E}.Release|Any CPU.ActiveCfg = Release|Any CPU
		{3C10D240-87F2-4EDC-8260-A7190D339C0E}.Release|Any CPU.Build.0 = Release|Any CPU
		{1F851B62-A4A1-4520-BCD2-A20C9616D62B}.Debug|Any CPU.ActiveCfg = Debug|Any CPU
		{1F851B62-A4A1-4520-BCD2-A20C9616D62B}.Debug|Any CPU.Build.0 = Debug|Any CPU
		{1F851B62-A4A1-4520-BCD2-A20C9616D62B}.Release|Any CPU.ActiveCfg = Release|Any CPU
		{1F851B62-A4A1-4520-BCD2-A20C9616D62B}.Release|Any CPU.Build.0 = Release|Any CPU
		{B070A5B0-6427-45FB-9034-2DBA9EABB0E1}.Debug|Any CPU.ActiveCfg = Debug|Any CPU
		{B070A5B0-6427-45FB-9034-2DBA9EABB0E1}.Debug|Any CPU.Build.0 = Debug|Any CPU
		{B070A5B0-6427-45FB-9034-2DBA9EABB0E1}.Release|Any CPU.ActiveCfg = Release|Any CPU
		{B070A5B0-6427-45FB-9034-2DBA9EABB0E1}.Release|Any CPU.Build.0 = Release|Any CPU
		{9E6A9C97-9745-4635-BED5-CC3E43518C9A}.Debug|Any CPU.ActiveCfg = Debug|Any CPU
		{9E6A9C97-9745-4635-BED5-CC3E43518C9A}.Debug|Any CPU.Build.0 = Debug|Any CPU
		{9E6A9C97-9745-4635-BED5-CC3E43518C9A}.Release|Any CPU.ActiveCfg = Release|Any CPU
		{9E6A9C97-9745-4635-BED5-CC3E43518C9A}.Release|Any CPU.Build.0 = Release|Any CPU
		{EB79A08B-0849-48F0-AD1B-28C0D8C2A0D6}.Debug|Any CPU.ActiveCfg = Debug|Any CPU
		{EB79A08B-0849-48F0-AD1B-28C0D8C2A0D6}.Debug|Any CPU.Build.0 = Debug|Any CPU
		{EB79A08B-0849-48F0-AD1B-28C0D8C2A0D6}.Release|Any CPU.ActiveCfg = Release|Any CPU
		{EB79A08B-0849-48F0-AD1B-28C0D8C2A0D6}.Release|Any CPU.Build.0 = Release|Any CPU
		{6FB07E1E-FB1E-42E0-A606-7AE6D243AE2B}.Debug|Any CPU.ActiveCfg = Debug|Any CPU
		{6FB07E1E-FB1E-42E0-A606-7AE6D243AE2B}.Debug|Any CPU.Build.0 = Debug|Any CPU
		{6FB07E1E-FB1E-42E0-A606-7AE6D243AE2B}.Release|Any CPU.ActiveCfg = Release|Any CPU
		{6FB07E1E-FB1E-42E0-A606-7AE6D243AE2B}.Release|Any CPU.Build.0 = Release|Any CPU
		{2AA33207-1E08-40C4-8A9F-6BB325D523F6}.Debug|Any CPU.ActiveCfg = Debug|Any CPU
		{2AA33207-1E08-40C4-8A9F-6BB325D523F6}.Debug|Any CPU.Build.0 = Debug|Any CPU
		{2AA33207-1E08-40C4-8A9F-6BB325D523F6}.Release|Any CPU.ActiveCfg = Release|Any CPU
		{2AA33207-1E08-40C4-8A9F-6BB325D523F6}.Release|Any CPU.Build.0 = Release|Any CPU
		{2B619BD7-EE37-4DB4-9DD6-CFCACAA579B8}.Debug|Any CPU.ActiveCfg = Debug|Any CPU
		{2B619BD7-EE37-4DB4-9DD6-CFCACAA579B8}.Debug|Any CPU.Build.0 = Debug|Any CPU
		{2B619BD7-EE37-4DB4-9DD6-CFCACAA579B8}.Release|Any CPU.ActiveCfg = Release|Any CPU
		{2B619BD7-EE37-4DB4-9DD6-CFCACAA579B8}.Release|Any CPU.Build.0 = Release|Any CPU
		{1606CB24-1487-4EE8-833A-ADF4533BCCEE}.Debug|Any CPU.ActiveCfg = Debug|Any CPU
		{1606CB24-1487-4EE8-833A-ADF4533BCCEE}.Debug|Any CPU.Build.0 = Debug|Any CPU
		{1606CB24-1487-4EE8-833A-ADF4533BCCEE}.Release|Any CPU.ActiveCfg = Release|Any CPU
		{1606CB24-1487-4EE8-833A-ADF4533BCCEE}.Release|Any CPU.Build.0 = Release|Any CPU
		{BC45AF73-A726-497D-9D2B-DA4A3C95F746}.Debug|Any CPU.ActiveCfg = Debug|Any CPU
		{BC45AF73-A726-497D-9D2B-DA4A3C95F746}.Debug|Any CPU.Build.0 = Debug|Any CPU
		{BC45AF73-A726-497D-9D2B-DA4A3C95F746}.Release|Any CPU.ActiveCfg = Release|Any CPU
		{BC45AF73-A726-497D-9D2B-DA4A3C95F746}.Release|Any CPU.Build.0 = Release|Any CPU
		{F78E1DAD-4569-4B2D-893B-9E3FD9558CB0}.Debug|Any CPU.ActiveCfg = Debug|Any CPU
		{F78E1DAD-4569-4B2D-893B-9E3FD9558CB0}.Debug|Any CPU.Build.0 = Debug|Any CPU
		{F78E1DAD-4569-4B2D-893B-9E3FD9558CB0}.Release|Any CPU.ActiveCfg = Release|Any CPU
		{F78E1DAD-4569-4B2D-893B-9E3FD9558CB0}.Release|Any CPU.Build.0 = Release|Any CPU
		{B3253FE4-0AF5-4DDF-B212-87E44B555B83}.Debug|Any CPU.ActiveCfg = Debug|Any CPU
		{B3253FE4-0AF5-4DDF-B212-87E44B555B83}.Debug|Any CPU.Build.0 = Debug|Any CPU
		{B3253FE4-0AF5-4DDF-B212-87E44B555B83}.Release|Any CPU.ActiveCfg = Release|Any CPU
		{B3253FE4-0AF5-4DDF-B212-87E44B555B83}.Release|Any CPU.Build.0 = Release|Any CPU
		{18130D83-AA46-4D3C-BFE8-DD09C9D6C2B6}.Debug|Any CPU.ActiveCfg = Debug|Any CPU
		{18130D83-AA46-4D3C-BFE8-DD09C9D6C2B6}.Debug|Any CPU.Build.0 = Debug|Any CPU
		{18130D83-AA46-4D3C-BFE8-DD09C9D6C2B6}.Release|Any CPU.ActiveCfg = Release|Any CPU
		{18130D83-AA46-4D3C-BFE8-DD09C9D6C2B6}.Release|Any CPU.Build.0 = Release|Any CPU
		{3F40214C-2875-4833-97F6-1CD59C3DE0D0}.Debug|Any CPU.ActiveCfg = Debug|Any CPU
		{3F40214C-2875-4833-97F6-1CD59C3DE0D0}.Debug|Any CPU.Build.0 = Debug|Any CPU
		{3F40214C-2875-4833-97F6-1CD59C3DE0D0}.Release|Any CPU.ActiveCfg = Release|Any CPU
		{3F40214C-2875-4833-97F6-1CD59C3DE0D0}.Release|Any CPU.Build.0 = Release|Any CPU
		{867952FE-1EC1-45E6-A4A8-F47935519C7E}.Debug|Any CPU.ActiveCfg = Debug|Any CPU
		{867952FE-1EC1-45E6-A4A8-F47935519C7E}.Debug|Any CPU.Build.0 = Debug|Any CPU
		{867952FE-1EC1-45E6-A4A8-F47935519C7E}.Release|Any CPU.ActiveCfg = Release|Any CPU
		{867952FE-1EC1-45E6-A4A8-F47935519C7E}.Release|Any CPU.Build.0 = Release|Any CPU
	EndGlobalSection
	GlobalSection(SolutionProperties) = preSolution
		HideSolutionNode = FALSE
	EndGlobalSection
	GlobalSection(NestedProjects) = preSolution
		{AFFCBB8C-2B8E-442B-9AD3-CBCDBF9022B7} = {A24BFCFE-CF8E-4CC7-933C-A802AC1DE4EE}
		{67E45E60-1A04-4DD5-B616-AC10284F87E3} = {A24BFCFE-CF8E-4CC7-933C-A802AC1DE4EE}
		{8DC0F902-1C0D-4168-9621-841BCD256922} = {0AA96B5C-43B0-4B3D-95C8-8B0B407398BE}
		{9CB72264-F651-45B3-B88A-80875BB59685} = {A24BFCFE-CF8E-4CC7-933C-A802AC1DE4EE}
		{DD25F016-F20B-400F-B328-0C3CCC5032A0} = {9CB72264-F651-45B3-B88A-80875BB59685}
		{ED684D53-7BBB-40B8-89C6-E1C4B839D188} = {A24BFCFE-CF8E-4CC7-933C-A802AC1DE4EE}
		{579D560C-86D9-47ED-8296-323DB69A642C} = {A24BFCFE-CF8E-4CC7-933C-A802AC1DE4EE}
		{2701F9F3-8366-4C95-9DC0-AC29572DBEC6} = {579D560C-86D9-47ED-8296-323DB69A642C}
		{0A62FC3B-7002-40F3-91A9-DFB1BBF9405C} = {9CB72264-F651-45B3-B88A-80875BB59685}
		{3C6E3AB6-9EF5-41F9-95B0-FEFD4AD90D2B} = {A24BFCFE-CF8E-4CC7-933C-A802AC1DE4EE}
		{A4AB05FE-DA0D-43F8-AE1A-0A9B8FC7CB42} = {3C6E3AB6-9EF5-41F9-95B0-FEFD4AD90D2B}
		{3B31A02B-5C20-47D5-A50C-1C1D60FE60F3} = {3C6E3AB6-9EF5-41F9-95B0-FEFD4AD90D2B}
		{ADC4CC95-E8B1-4053-9B35-EACA1CF509BF} = {3C6E3AB6-9EF5-41F9-95B0-FEFD4AD90D2B}
		{9BD8F7E9-ADBA-4AAF-B1B8-EEF7A0F1D72A} = {579D560C-86D9-47ED-8296-323DB69A642C}
		{852F2F22-1FB6-4F89-B784-842A71B2D9CC} = {A24BFCFE-CF8E-4CC7-933C-A802AC1DE4EE}
		{E49CF227-419B-4451-954F-6F8EBC764918} = {852F2F22-1FB6-4F89-B784-842A71B2D9CC}
		{FAF7E660-CF58-4F09-B80D-3523AF7AE6FA} = {852F2F22-1FB6-4F89-B784-842A71B2D9CC}
		{ECA177AC-9779-482B-AB0D-B89C13644BB5} = {852F2F22-1FB6-4F89-B784-842A71B2D9CC}
		{2D4700F5-1273-4E91-83D4-EE91F6EBBBFF} = {A24BFCFE-CF8E-4CC7-933C-A802AC1DE4EE}
		{0D19A81A-9293-4AA7-B98A-16BE4CECD081} = {2D4700F5-1273-4E91-83D4-EE91F6EBBBFF}
		{26D3FD98-16DF-49E3-953D-F2B5001D1FA2} = {2D4700F5-1273-4E91-83D4-EE91F6EBBBFF}
		{AE206068-F1A1-474E-B6E6-D1B51A6EA201} = {A24BFCFE-CF8E-4CC7-933C-A802AC1DE4EE}
		{1AF2DCCB-91DE-41EA-A1CC-0442C96C58CE} = {AE206068-F1A1-474E-B6E6-D1B51A6EA201}
		{9A75ED07-B946-41A6-9128-F17C2A789D35} = {AE206068-F1A1-474E-B6E6-D1B51A6EA201}
		{249089B3-8CE3-40F3-94BB-3B6CB9FACC38} = {749CCF2C-A485-4EF3-B4DB-C337A9D233C2}
		{8CC1DE23-AEA6-4F0F-A9D3-1BBE874AA231} = {A24BFCFE-CF8E-4CC7-933C-A802AC1DE4EE}
		{BF0931C0-D5CB-4142-8C98-DF4E5AC12A24} = {8CC1DE23-AEA6-4F0F-A9D3-1BBE874AA231}
		{B77D1204-44B8-4CB1-8454-8D6BC8987475} = {249089B3-8CE3-40F3-94BB-3B6CB9FACC38}
		{04F7BC89-AC43-4F88-BE11-3DEC99AD21F3} = {A24BFCFE-CF8E-4CC7-933C-A802AC1DE4EE}
		{A60ACDB1-D885-4309-8546-2E7DBD86F506} = {04F7BC89-AC43-4F88-BE11-3DEC99AD21F3}
		{859EA805-2CA6-41C2-A652-E4869C825278} = {8CC1DE23-AEA6-4F0F-A9D3-1BBE874AA231}
		{40DCB82D-31ED-41F4-ACF1-7189F5019F41} = {3C6E3AB6-9EF5-41F9-95B0-FEFD4AD90D2B}
		{3C10D240-87F2-4EDC-8260-A7190D339C0E} = {A24BFCFE-CF8E-4CC7-933C-A802AC1DE4EE}
		{1F851B62-A4A1-4520-BCD2-A20C9616D62B} = {ED684D53-7BBB-40B8-89C6-E1C4B839D188}
		{4132B2A3-691F-45A2-A6FE-91B6A927CDEB} = {0AA96B5C-43B0-4B3D-95C8-8B0B407398BE}
		{B070A5B0-6427-45FB-9034-2DBA9EABB0E1} = {4132B2A3-691F-45A2-A6FE-91B6A927CDEB}
		{9E6A9C97-9745-4635-BED5-CC3E43518C9A} = {4132B2A3-691F-45A2-A6FE-91B6A927CDEB}
		{EB79A08B-0849-48F0-AD1B-28C0D8C2A0D6} = {4132B2A3-691F-45A2-A6FE-91B6A927CDEB}
		{6FB07E1E-FB1E-42E0-A606-7AE6D243AE2B} = {4132B2A3-691F-45A2-A6FE-91B6A927CDEB}
		{6332744F-3640-4F1A-BA95-2F1949E3501B} = {A24BFCFE-CF8E-4CC7-933C-A802AC1DE4EE}
		{2AA33207-1E08-40C4-8A9F-6BB325D523F6} = {6332744F-3640-4F1A-BA95-2F1949E3501B}
		{2B619BD7-EE37-4DB4-9DD6-CFCACAA579B8} = {6332744F-3640-4F1A-BA95-2F1949E3501B}
		{1606CB24-1487-4EE8-833A-ADF4533BCCEE} = {ED684D53-7BBB-40B8-89C6-E1C4B839D188}
		{A6A0B4AA-602C-41A0-8370-E02D0A9BE6FD} = {A24BFCFE-CF8E-4CC7-933C-A802AC1DE4EE}
		{BC45AF73-A726-497D-9D2B-DA4A3C95F746} = {A6A0B4AA-602C-41A0-8370-E02D0A9BE6FD}
		{F78E1DAD-4569-4B2D-893B-9E3FD9558CB0} = {A6A0B4AA-602C-41A0-8370-E02D0A9BE6FD}
		{B3253FE4-0AF5-4DDF-B212-87E44B555B83} = {04F7BC89-AC43-4F88-BE11-3DEC99AD21F3}
		{18130D83-AA46-4D3C-BFE8-DD09C9D6C2B6} = {8DC0F902-1C0D-4168-9621-841BCD256922}
		{3F40214C-2875-4833-97F6-1CD59C3DE0D0} = {8DC0F902-1C0D-4168-9621-841BCD256922}
		{867952FE-1EC1-45E6-A4A8-F47935519C7E} = {8DC0F902-1C0D-4168-9621-841BCD256922}
	EndGlobalSection
	GlobalSection(ExtensibilityGlobals) = postSolution
		SolutionGuid = {E5D9DAB9-FBBB-40EC-B667-0CB10A81C09A}
	EndGlobalSection
EndGlobal
